
Microsoft Visual Studio Solution File, Format Version 12.00
# Visual Studio Version 17
VisualStudioVersion = 17.0.31919.166
MinimumVisualStudioVersion = 10.0.40219.1
Project("{2150E333-8FDC-42A3-9474-1A3956D46DE8}") = "Services", "Services", "{5DD2AB7E-1D2C-472D-9F6F-17DEFAA8607B}"
EndProject
Project("{2150E333-8FDC-42A3-9474-1A3956D46DE8}") = "Catalog", "Catalog", "{B18E4490-0D2C-4D98-A364-7B472240371F}"
EndProject
Project("{9A19103F-16F7-4668-BE54-9A1E7A4F7556}") = "Catalog.API", "Services\Catalog\Catalog.API\Catalog.API.csproj", "{26E4120F-C46C-4066-8B70-AB590EBE7BC3}"
EndProject
Project("{E53339B2-1760-4266-BCC7-CA923CBCF16C}") = "docker-compose", "docker-compose.dcproj", "{E55B6034-E36F-4610-A0A2-F4C0E598563C}"
EndProject
Project("{2150E333-8FDC-42A3-9474-1A3956D46DE8}") = "Basket", "Basket", "{BD458BE9-583C-43E2-B54E-54CECC3AC4D7}"
EndProject
Project("{9A19103F-16F7-4668-BE54-9A1E7A4F7556}") = "Basket.API", "Services\Basket\Basket.API\Basket.API.csproj", "{3CEF5F94-2376-4CC0-99A0-E599EB116F24}"
EndProject
Project("{2150E333-8FDC-42A3-9474-1A3956D46DE8}") = "Discount", "Discount", "{787B7A3F-9A0D-4254-8A88-D7B0741BB019}"
EndProject
Project("{9A19103F-16F7-4668-BE54-9A1E7A4F7556}") = "Discount.API", "Services\Discount\Discount.API\Discount.API.csproj", "{149BD63D-A85D-4294-A41A-36908E0E1457}"
EndProject
Project("{9A19103F-16F7-4668-BE54-9A1E7A4F7556}") = "Discount.Grpc", "Services\Discount\Discount.Grpc\Discount.Grpc.csproj", "{045D0E07-2AD9-449F-BB2D-DEFB4690572E}"
EndProject
Project("{2150E333-8FDC-42A3-9474-1A3956D46DE8}") = "Ordering", "Ordering", "{75E8911F-E2D9-4640-8862-B8AFA163420B}"
EndProject
Project("{9A19103F-16F7-4668-BE54-9A1E7A4F7556}") = "Ordering.API", "Services\Ordering\Ordering.API\Ordering.API.csproj", "{6CF66097-2118-42C6-888F-3FAAD697D6F5}"
EndProject
Project("{9A19103F-16F7-4668-BE54-9A1E7A4F7556}") = "Ordering.Domain", "Services\Ordering\Ordering.Domain\Ordering.Domain.csproj", "{5A45C1E6-BD46-4AD1-86B4-9929793E7904}"
EndProject
Project("{9A19103F-16F7-4668-BE54-9A1E7A4F7556}") = "Ordering.Application", "Services\Ordering\Ordering.Application\Ordering.Application.csproj", "{6DC7631B-AF05-4195-88FD-541F37ABC048}"
EndProject
Project("{9A19103F-16F7-4668-BE54-9A1E7A4F7556}") = "Ordering.Infrastructure", "Services\Ordering\Ordering.Infrastructure\Ordering.Infrastructure.csproj", "{AB86A11A-A145-4EC8-B5CF-B758B91AFD31}"
EndProject
Project("{2150E333-8FDC-42A3-9474-1A3956D46DE8}") = "BuildinBlocks", "BuildinBlocks", "{6A38934A-1FEE-4D70-86C7-C5CA80F40BC0}"
EndProject
Project("{FAE04EC0-301F-11D3-BF4B-00C04F79EFBC}") = "EventBus.Message", "BuildingBlocks\EventBus.Message\EventBus.Message.csproj", "{2D5CC5C7-31BB-43EA-B0A7-8DE280637773}"
EndProject
Global
	GlobalSection(SolutionConfigurationPlatforms) = preSolution
		Debug|Any CPU = Debug|Any CPU
		Release|Any CPU = Release|Any CPU
	EndGlobalSection
	GlobalSection(ProjectConfigurationPlatforms) = postSolution
		{26E4120F-C46C-4066-8B70-AB590EBE7BC3}.Debug|Any CPU.ActiveCfg = Debug|Any CPU
		{26E4120F-C46C-4066-8B70-AB590EBE7BC3}.Debug|Any CPU.Build.0 = Debug|Any CPU
		{26E4120F-C46C-4066-8B70-AB590EBE7BC3}.Release|Any CPU.ActiveCfg = Release|Any CPU
		{26E4120F-C46C-4066-8B70-AB590EBE7BC3}.Release|Any CPU.Build.0 = Release|Any CPU
		{E55B6034-E36F-4610-A0A2-F4C0E598563C}.Debug|Any CPU.ActiveCfg = Debug|Any CPU
		{E55B6034-E36F-4610-A0A2-F4C0E598563C}.Debug|Any CPU.Build.0 = Debug|Any CPU
		{E55B6034-E36F-4610-A0A2-F4C0E598563C}.Release|Any CPU.ActiveCfg = Release|Any CPU
		{E55B6034-E36F-4610-A0A2-F4C0E598563C}.Release|Any CPU.Build.0 = Release|Any CPU
		{3CEF5F94-2376-4CC0-99A0-E599EB116F24}.Debug|Any CPU.ActiveCfg = Debug|Any CPU
		{3CEF5F94-2376-4CC0-99A0-E599EB116F24}.Debug|Any CPU.Build.0 = Debug|Any CPU
		{3CEF5F94-2376-4CC0-99A0-E599EB116F24}.Release|Any CPU.ActiveCfg = Release|Any CPU
		{3CEF5F94-2376-4CC0-99A0-E599EB116F24}.Release|Any CPU.Build.0 = Release|Any CPU
		{149BD63D-A85D-4294-A41A-36908E0E1457}.Debug|Any CPU.ActiveCfg = Debug|Any CPU
		{149BD63D-A85D-4294-A41A-36908E0E1457}.Debug|Any CPU.Build.0 = Debug|Any CPU
		{149BD63D-A85D-4294-A41A-36908E0E1457}.Release|Any CPU.ActiveCfg = Release|Any CPU
		{149BD63D-A85D-4294-A41A-36908E0E1457}.Release|Any CPU.Build.0 = Release|Any CPU
		{045D0E07-2AD9-449F-BB2D-DEFB4690572E}.Debug|Any CPU.ActiveCfg = Debug|Any CPU
		{045D0E07-2AD9-449F-BB2D-DEFB4690572E}.Debug|Any CPU.Build.0 = Debug|Any CPU
		{045D0E07-2AD9-449F-BB2D-DEFB4690572E}.Release|Any CPU.ActiveCfg = Release|Any CPU
		{045D0E07-2AD9-449F-BB2D-DEFB4690572E}.Release|Any CPU.Build.0 = Release|Any CPU
		{6CF66097-2118-42C6-888F-3FAAD697D6F5}.Debug|Any CPU.ActiveCfg = Debug|Any CPU
		{6CF66097-2118-42C6-888F-3FAAD697D6F5}.Debug|Any CPU.Build.0 = Debug|Any CPU
		{6CF66097-2118-42C6-888F-3FAAD697D6F5}.Release|Any CPU.ActiveCfg = Release|Any CPU
		{6CF66097-2118-42C6-888F-3FAAD697D6F5}.Release|Any CPU.Build.0 = Release|Any CPU
		{5A45C1E6-BD46-4AD1-86B4-9929793E7904}.Debug|Any CPU.ActiveCfg = Debug|Any CPU
		{5A45C1E6-BD46-4AD1-86B4-9929793E7904}.Debug|Any CPU.Build.0 = Debug|Any CPU
		{5A45C1E6-BD46-4AD1-86B4-9929793E7904}.Release|Any CPU.ActiveCfg = Release|Any CPU
		{5A45C1E6-BD46-4AD1-86B4-9929793E7904}.Release|Any CPU.Build.0 = Release|Any CPU
		{6DC7631B-AF05-4195-88FD-541F37ABC048}.Debug|Any CPU.ActiveCfg = Debug|Any CPU
		{6DC7631B-AF05-4195-88FD-541F37ABC048}.Debug|Any CPU.Build.0 = Debug|Any CPU
		{6DC7631B-AF05-4195-88FD-541F37ABC048}.Release|Any CPU.ActiveCfg = Release|Any CPU
		{6DC7631B-AF05-4195-88FD-541F37ABC048}.Release|Any CPU.Build.0 = Release|Any CPU
		{AB86A11A-A145-4EC8-B5CF-B758B91AFD31}.Debug|Any CPU.ActiveCfg = Debug|Any CPU
		{AB86A11A-A145-4EC8-B5CF-B758B91AFD31}.Debug|Any CPU.Build.0 = Debug|Any CPU
		{AB86A11A-A145-4EC8-B5CF-B758B91AFD31}.Release|Any CPU.ActiveCfg = Release|Any CPU
		{AB86A11A-A145-4EC8-B5CF-B758B91AFD31}.Release|Any CPU.Build.0 = Release|Any CPU
		{2D5CC5C7-31BB-43EA-B0A7-8DE280637773}.Debug|Any CPU.ActiveCfg = Debug|Any CPU
		{2D5CC5C7-31BB-43EA-B0A7-8DE280637773}.Debug|Any CPU.Build.0 = Debug|Any CPU
		{2D5CC5C7-31BB-43EA-B0A7-8DE280637773}.Release|Any CPU.ActiveCfg = Release|Any CPU
		{2D5CC5C7-31BB-43EA-B0A7-8DE280637773}.Release|Any CPU.Build.0 = Release|Any CPU
	EndGlobalSection
	GlobalSection(SolutionProperties) = preSolution
		HideSolutionNode = FALSE
	EndGlobalSection
	GlobalSection(NestedProjects) = preSolution
		{B18E4490-0D2C-4D98-A364-7B472240371F} = {5DD2AB7E-1D2C-472D-9F6F-17DEFAA8607B}
		{26E4120F-C46C-4066-8B70-AB590EBE7BC3} = {B18E4490-0D2C-4D98-A364-7B472240371F}
		{BD458BE9-583C-43E2-B54E-54CECC3AC4D7} = {5DD2AB7E-1D2C-472D-9F6F-17DEFAA8607B}
		{3CEF5F94-2376-4CC0-99A0-E599EB116F24} = {BD458BE9-583C-43E2-B54E-54CECC3AC4D7}
		{787B7A3F-9A0D-4254-8A88-D7B0741BB019} = {5DD2AB7E-1D2C-472D-9F6F-17DEFAA8607B}
		{149BD63D-A85D-4294-A41A-36908E0E1457} = {787B7A3F-9A0D-4254-8A88-D7B0741BB019}
		{045D0E07-2AD9-449F-BB2D-DEFB4690572E} = {787B7A3F-9A0D-4254-8A88-D7B0741BB019}
		{75E8911F-E2D9-4640-8862-B8AFA163420B} = {5DD2AB7E-1D2C-472D-9F6F-17DEFAA8607B}
		{6CF66097-2118-42C6-888F-3FAAD697D6F5} = {75E8911F-E2D9-4640-8862-B8AFA163420B}
		{5A45C1E6-BD46-4AD1-86B4-9929793E7904} = {75E8911F-E2D9-4640-8862-B8AFA163420B}
		{6DC7631B-AF05-4195-88FD-541F37ABC048} = {75E8911F-E2D9-4640-8862-B8AFA163420B}
		{AB86A11A-A145-4EC8-B5CF-B758B91AFD31} = {75E8911F-E2D9-4640-8862-B8AFA163420B}
		{2D5CC5C7-31BB-43EA-B0A7-8DE280637773} = {6A38934A-1FEE-4D70-86C7-C5CA80F40BC0}
	EndGlobalSection
	GlobalSection(ExtensibilityGlobals) = postSolution
		SolutionGuid = {E6EAA73D-2F0C-4E88-B116-0DDDEE979B44}
	EndGlobalSection
EndGlobal
